
Microsoft Visual Studio Solution File, Format Version 12.00
# Visual Studio Version 17
VisualStudioVersion = 17.1.32421.90
MinimumVisualStudioVersion = 10.0.40219.1
Project("{9A19103F-16F7-4668-BE54-9A1E7A4F7556}") = "TicTacToe.App", "TicTacToe.App\TicTacToe.App.csproj", "{058A287D-337C-439C-855C-234D79286A9C}"
EndProject
Project("{FAE04EC0-301F-11D3-BF4B-00C04F79EFBC}") = "TicTacToe.Tests", "TicTacToe.Tests\TicTacToe.Tests.csproj", "{A699CCA1-E9C8-4078-A4E4-4AE637927891}"
EndProject
Global
	GlobalSection(SolutionConfigurationPlatforms) = preSolution
		Debug|Any CPU = Debug|Any CPU
		Release|Any CPU = Release|Any CPU
	EndGlobalSection
	GlobalSection(ProjectConfigurationPlatforms) = postSolution
		{058A287D-337C-439C-855C-234D79286A9C}.Debug|Any CPU.ActiveCfg = Debug|Any CPU
		{058A287D-337C-439C-855C-234D79286A9C}.Debug|Any CPU.Build.0 = Debug|Any CPU
		{058A287D-337C-439C-855C-234D79286A9C}.Release|Any CPU.ActiveCfg = Release|Any CPU
		{058A287D-337C-439C-855C-234D79286A9C}.Release|Any CPU.Build.0 = Release|Any CPU
		{A699CCA1-E9C8-4078-A4E4-4AE637927891}.Debug|Any CPU.ActiveCfg = Debug|Any CPU
		{A699CCA1-E9C8-4078-A4E4-4AE637927891}.Debug|Any CPU.Build.0 = Debug|Any CPU
		{A699CCA1-E9C8-4078-A4E4-4AE637927891}.Release|Any CPU.ActiveCfg = Release|Any CPU
		{A699CCA1-E9C8-4078-A4E4-4AE637927891}.Release|Any CPU.Build.0 = Release|Any CPU
	EndGlobalSection
	GlobalSection(SolutionProperties) = preSolution
		HideSolutionNode = FALSE
	EndGlobalSection
	GlobalSection(ExtensibilityGlobals) = postSolution
		SolutionGuid = {0DD7C82A-2A08-4552-A4CE-29CA945A71F2}
	EndGlobalSection
EndGlobal
